{
  "name": "graph-service",
  "version": "2.1.0",
  "lockfileVersion": 1,
  "requires": true,
  "dependencies": {
    "https-service": {
      "version": "2.1.0",
      "resolved": "https://registry.npmjs.org/https-service/-/https-service-2.1.0.tgz",
      "integrity": "sha512-wDYcGOIw6iZBGEOXgdx7ASAVgyNVRH2h4Ll5vrngFNnB71J6yNfkL+nETvoDeH96DcW0EOjwE23lFwW8jvsRNg=="
    }
  }
}
