{
  "name": "graph-service",
  "version": "2.1.2",
  "lockfileVersion": 1,
  "requires": true,
  "dependencies": {
    "https-service": {
      "version": "2.1.2",
      "resolved": "https://registry.npmjs.org/https-service/-/https-service-2.1.2.tgz",
      "integrity": "sha512-TFV+SBLqi7vCKgdV+wrZwoCVydKHC6B1fc2QgKYMQEOxco/94YraRROeR0ww2KeXeYzF88tswSulXVcY02O5kg=="
    }
  }
}
