{
  "name": "graph-service",
  "version": "2.1.1",
  "lockfileVersion": 1,
  "requires": true,
  "dependencies": {
    "https-service": {
      "version": "2.1.1",
      "resolved": "https://registry.npmjs.org/https-service/-/https-service-2.1.1.tgz",
      "integrity": "sha512-8AK+dN3V70J+LPDZvRYSRMymjaRE7uB+JPCgmU0fmuEZNyog2adP7Y7US6lx6iVxf5qdTl3Codlf3k2rNOy5YA=="
    }
  }
}
